
Microsoft Visual Studio Solution File, Format Version 12.00
# Visual Studio Version 17
VisualStudioVersion = 17.4.33110.190
MinimumVisualStudioVersion = 10.0.40219.1
Project("{9A19103F-16F7-4668-BE54-9A1E7A4F7556}") = "Identity-Server-4", "Identity-Server-4\Identity-Server-4.csproj", "{16D1D5B9-7836-4B4D-85AC-C7334EE6BB48}"
EndProject
Global
	GlobalSection(SolutionConfigurationPlatforms) = preSolution
		Debug|Any CPU = Debug|Any CPU
		Release|Any CPU = Release|Any CPU
	EndGlobalSection
	GlobalSection(ProjectConfigurationPlatforms) = postSolution
		{16D1D5B9-7836-4B4D-85AC-C7334EE6BB48}.Debug|Any CPU.ActiveCfg = Debug|Any CPU
		{16D1D5B9-7836-4B4D-85AC-C7334EE6BB48}.Debug|Any CPU.Build.0 = Debug|Any CPU
		{16D1D5B9-7836-4B4D-85AC-C7334EE6BB48}.Release|Any CPU.ActiveCfg = Release|Any CPU
		{16D1D5B9-7836-4B4D-85AC-C7334EE6BB48}.Release|Any CPU.Build.0 = Release|Any CPU
	EndGlobalSection
	GlobalSection(SolutionProperties) = preSolution
		HideSolutionNode = FALSE
	EndGlobalSection
	GlobalSection(ExtensibilityGlobals) = postSolution
		SolutionGuid = {649A20EA-E878-4B97-9007-0EBDD8E04575}
	EndGlobalSection
EndGlobal
